
Microsoft Visual Studio Solution File, Format Version 12.00
# Visual Studio Version 17
VisualStudioVersion = 17.6.33815.320
MinimumVisualStudioVersion = 10.0.40219.1
Project("{9A19103F-16F7-4668-BE54-9A1E7A4F7556}") = "SOLID principle", "SOLID principle\SOLID principle.csproj", "{A552A3A2-C65A-428E-936C-1D92019F3387}"
EndProject
Project("{9A19103F-16F7-4668-BE54-9A1E7A4F7556}") = "SingleResponsibilityPrinciple", "SingleResponsibilityPrinciple\SingleResponsibilityPrinciple.csproj", "{76E5AB9A-7942-48C0-9513-E5CC68B57759}"
EndProject
Project("{FAE04EC0-301F-11D3-BF4B-00C04F79EFBC}") = "OpenClosedPrinciple", "OpenClosedPrinciple\OpenClosedPrinciple.csproj", "{6ADAECCC-1602-4079-A68F-D8DAB8CD5251}"
EndProject
Project("{FAE04EC0-301F-11D3-BF4B-00C04F79EFBC}") = "LiskovsSubstitutionPrinciple", "LiskovsSubstitutionPrinciple\LiskovsSubstitutionPrinciple.csproj", "{B44C2AC4-F3C0-4639-A0FD-E0F485BCD20E}"
EndProject
Project("{FAE04EC0-301F-11D3-BF4B-00C04F79EFBC}") = "InterfaceSegregationPrinciple", "InterfaceSegregationPrinciple\InterfaceSegregationPrinciple.csproj", "{FD373BDD-1AAB-4F87-9114-484589866D83}"
EndProject
Project("{FAE04EC0-301F-11D3-BF4B-00C04F79EFBC}") = "DependencyInversionPrinciple", "DependencyInversionPrinciple\DependencyInversionPrinciple.csproj", "{FF657B05-35A0-47E6-8994-3B4191B1A2F9}"
EndProject
Global
	GlobalSection(SolutionConfigurationPlatforms) = preSolution
		Debug|Any CPU = Debug|Any CPU
		Release|Any CPU = Release|Any CPU
	EndGlobalSection
	GlobalSection(ProjectConfigurationPlatforms) = postSolution
		{A552A3A2-C65A-428E-936C-1D92019F3387}.Debug|Any CPU.ActiveCfg = Debug|Any CPU
		{A552A3A2-C65A-428E-936C-1D92019F3387}.Debug|Any CPU.Build.0 = Debug|Any CPU
		{A552A3A2-C65A-428E-936C-1D92019F3387}.Release|Any CPU.ActiveCfg = Release|Any CPU
		{A552A3A2-C65A-428E-936C-1D92019F3387}.Release|Any CPU.Build.0 = Release|Any CPU
		{76E5AB9A-7942-48C0-9513-E5CC68B57759}.Debug|Any CPU.ActiveCfg = Debug|Any CPU
		{76E5AB9A-7942-48C0-9513-E5CC68B57759}.Debug|Any CPU.Build.0 = Debug|Any CPU
		{76E5AB9A-7942-48C0-9513-E5CC68B57759}.Release|Any CPU.ActiveCfg = Release|Any CPU
		{76E5AB9A-7942-48C0-9513-E5CC68B57759}.Release|Any CPU.Build.0 = Release|Any CPU
		{6ADAECCC-1602-4079-A68F-D8DAB8CD5251}.Debug|Any CPU.ActiveCfg = Debug|Any CPU
		{6ADAECCC-1602-4079-A68F-D8DAB8CD5251}.Debug|Any CPU.Build.0 = Debug|Any CPU
		{6ADAECCC-1602-4079-A68F-D8DAB8CD5251}.Release|Any CPU.ActiveCfg = Release|Any CPU
		{6ADAECCC-1602-4079-A68F-D8DAB8CD5251}.Release|Any CPU.Build.0 = Release|Any CPU
		{B44C2AC4-F3C0-4639-A0FD-E0F485BCD20E}.Debug|Any CPU.ActiveCfg = Debug|Any CPU
		{B44C2AC4-F3C0-4639-A0FD-E0F485BCD20E}.Debug|Any CPU.Build.0 = Debug|Any CPU
		{B44C2AC4-F3C0-4639-A0FD-E0F485BCD20E}.Release|Any CPU.ActiveCfg = Release|Any CPU
		{B44C2AC4-F3C0-4639-A0FD-E0F485BCD20E}.Release|Any CPU.Build.0 = Release|Any CPU
		{FD373BDD-1AAB-4F87-9114-484589866D83}.Debug|Any CPU.ActiveCfg = Debug|Any CPU
		{FD373BDD-1AAB-4F87-9114-484589866D83}.Debug|Any CPU.Build.0 = Debug|Any CPU
		{FD373BDD-1AAB-4F87-9114-484589866D83}.Release|Any CPU.ActiveCfg = Release|Any CPU
		{FD373BDD-1AAB-4F87-9114-484589866D83}.Release|Any CPU.Build.0 = Release|Any CPU
		{FF657B05-35A0-47E6-8994-3B4191B1A2F9}.Debug|Any CPU.ActiveCfg = Debug|Any CPU
		{FF657B05-35A0-47E6-8994-3B4191B1A2F9}.Debug|Any CPU.Build.0 = Debug|Any CPU
		{FF657B05-35A0-47E6-8994-3B4191B1A2F9}.Release|Any CPU.ActiveCfg = Release|Any CPU
		{FF657B05-35A0-47E6-8994-3B4191B1A2F9}.Release|Any CPU.Build.0 = Release|Any CPU
	EndGlobalSection
	GlobalSection(SolutionProperties) = preSolution
		HideSolutionNode = FALSE
	EndGlobalSection
	GlobalSection(ExtensibilityGlobals) = postSolution
		SolutionGuid = {F6F9DCFD-336D-424C-858D-D2DF794259D2}
	EndGlobalSection
EndGlobal
